Microsoft Visual Studio Solution File, Format Version 12.00
# Visual Studio 2013
Project("{8BC9CEB8-8B4A-11D0-8D11-00A0C91BC942}") = "CameraInfo", "C:/svn/trunk_clean/Public/Examples/CameraInfo\CameraInfo.vcxproj", "{A65A2FEC-DDBA-3191-9EC4-494AB57C265A}"
EndProject
Project("{8BC9CEB8-8B4A-11D0-8D11-00A0C91BC942}") = "EncodeDecode", "C:/svn/trunk_clean/Public/Examples/EncodeDecode\EncodeDecode.vcxproj", "{8C1BFEFE-F18C-3124-986A-1AAF24CFC0B1}"
EndProject
Project("{8BC9CEB8-8B4A-11D0-8D11-00A0C91BC942}") = "GeoPoint", "C:/svn/trunk_clean/Public/Examples/GeoPoint\GeoPoint.vcxproj", "{6D4801CB-88DB-35F0-9454-EC5EF45DC302}"
EndProject
Project("{8BC9CEB8-8B4A-11D0-8D11-00A0C91BC942}") = "GpsAndHeading", "C:/svn/trunk_clean/Public/Examples/GpsAndHeading\GpsAndHeading.vcxproj", "{85D5DE5B-7846-3009-B074-88DC7F37E596}"
EndProject
Project("{8BC9CEB8-8B4A-11D0-8D11-00A0C91BC942}") = "LineOfSight", "C:/svn/trunk_clean/Public/Examples/LineOfSight\LineOfSight.vcxproj", "{855B385A-218E-3675-B51B-56EF9792A844}"
EndProject
Project("{8BC9CEB8-8B4A-11D0-8D11-00A0C91BC942}") = "PathTrack", "C:/svn/trunk_clean/Public/Examples/PathTrack\PathTrack.vcxproj", "{E9BD6754-FE0A-3A03-A5B8-D6A8F445F582}"
EndProject
Project("{8BC9CEB8-8B4A-11D0-8D11-00A0C91BC942}") = "SendCommand", "C:/svn/trunk_clean/Public/Examples/SendCommand\SendCommand.vcxproj", "{E2BC093A-BCA9-32C2-ACF8-3B9B6340ED7E}"
EndProject
Project("{8BC9CEB8-8B4A-11D0-8D11-00A0C91BC942}") = "SendConfig", "C:/svn/trunk_clean/Public/Examples/SendConfig/SendConfig.vcxproj", "{6953A2F7-83B5-31E2-B7C7-CD8E34D235DE}"
EndProject
Project("{8BC9CEB8-8B4A-11D0-8D11-00A0C91BC942}") = "UserData", "C:/svn/trunk_clean/Public/Examples/UserData\UserData.vcxproj", "{AC1F4947-0216-30F9-9DF9-7C96FE98A096}"
EndProject
Global
	GlobalSection(SolutionConfigurationPlatforms) = preSolution
		Debug|Win32 = Debug|Win32
		Release|Win32 = Release|Win32
	EndGlobalSection
	GlobalSection(ProjectConfigurationPlatforms) = postSolution
		{A65A2FEC-DDBA-3191-9EC4-494AB57C265A}.Debug|Win32.ActiveCfg = Debug|Win32
		{A65A2FEC-DDBA-3191-9EC4-494AB57C265A}.Debug|Win32.Build.0 = Debug|Win32
		{A65A2FEC-DDBA-3191-9EC4-494AB57C265A}.Release|Win32.ActiveCfg = Release|Win32
		{A65A2FEC-DDBA-3191-9EC4-494AB57C265A}.Release|Win32.Build.0 = Release|Win32
		{8C1BFEFE-F18C-3124-986A-1AAF24CFC0B1}.Debug|Win32.ActiveCfg = Debug|Win32
		{8C1BFEFE-F18C-3124-986A-1AAF24CFC0B1}.Debug|Win32.Build.0 = Debug|Win32
		{8C1BFEFE-F18C-3124-986A-1AAF24CFC0B1}.Release|Win32.ActiveCfg = Release|Win32
		{8C1BFEFE-F18C-3124-986A-1AAF24CFC0B1}.Release|Win32.Build.0 = Release|Win32
		{6D4801CB-88DB-35F0-9454-EC5EF45DC302}.Debug|Win32.ActiveCfg = Debug|Win32
		{6D4801CB-88DB-35F0-9454-EC5EF45DC302}.Debug|Win32.Build.0 = Debug|Win32
		{6D4801CB-88DB-35F0-9454-EC5EF45DC302}.Release|Win32.ActiveCfg = Release|Win32
		{6D4801CB-88DB-35F0-9454-EC5EF45DC302}.Release|Win32.Build.0 = Release|Win32
		{85D5DE5B-7846-3009-B074-88DC7F37E596}.Debug|Win32.ActiveCfg = Debug|Win32
		{85D5DE5B-7846-3009-B074-88DC7F37E596}.Debug|Win32.Build.0 = Debug|Win32
		{85D5DE5B-7846-3009-B074-88DC7F37E596}.Release|Win32.ActiveCfg = Release|Win32
		{85D5DE5B-7846-3009-B074-88DC7F37E596}.Release|Win32.Build.0 = Release|Win32
		{855B385A-218E-3675-B51B-56EF9792A844}.Debug|Win32.ActiveCfg = Debug|Win32
		{855B385A-218E-3675-B51B-56EF9792A844}.Debug|Win32.Build.0 = Debug|Win32
		{855B385A-218E-3675-B51B-56EF9792A844}.Release|Win32.ActiveCfg = Release|Win32
		{855B385A-218E-3675-B51B-56EF9792A844}.Release|Win32.Build.0 = Release|Win32
		{E9BD6754-FE0A-3A03-A5B8-D6A8F445F582}.Debug|Win32.ActiveCfg = Debug|Win32
		{E9BD6754-FE0A-3A03-A5B8-D6A8F445F582}.Debug|Win32.Build.0 = Debug|Win32
		{E9BD6754-FE0A-3A03-A5B8-D6A8F445F582}.Release|Win32.ActiveCfg = Release|Win32
		{E9BD6754-FE0A-3A03-A5B8-D6A8F445F582}.Release|Win32.Build.0 = Release|Win32
		{E2BC093A-BCA9-32C2-ACF8-3B9B6340ED7E}.Debug|Win32.ActiveCfg = Debug|Win32
		{E2BC093A-BCA9-32C2-ACF8-3B9B6340ED7E}.Debug|Win32.Build.0 = Debug|Win32
		{E2BC093A-BCA9-32C2-ACF8-3B9B6340ED7E}.Release|Win32.ActiveCfg = Release|Win32
		{E2BC093A-BCA9-32C2-ACF8-3B9B6340ED7E}.Release|Win32.Build.0 = Release|Win32
		{6953A2F7-83B5-31E2-B7C7-CD8E34D235DE}.Debug|Win32.ActiveCfg = Debug|Win32
		{6953A2F7-83B5-31E2-B7C7-CD8E34D235DE}.Debug|Win32.Build.0 = Debug|Win32
		{6953A2F7-83B5-31E2-B7C7-CD8E34D235DE}.Release|Win32.ActiveCfg = Release|Win32
		{6953A2F7-83B5-31E2-B7C7-CD8E34D235DE}.Release|Win32.Build.0 = Release|Win32
		{AC1F4947-0216-30F9-9DF9-7C96FE98A096}.Debug|Win32.ActiveCfg = Debug|Win32
		{AC1F4947-0216-30F9-9DF9-7C96FE98A096}.Debug|Win32.Build.0 = Debug|Win32
		{AC1F4947-0216-30F9-9DF9-7C96FE98A096}.Release|Win32.ActiveCfg = Release|Win32
		{AC1F4947-0216-30F9-9DF9-7C96FE98A096}.Release|Win32.Build.0 = Release|Win32
	EndGlobalSection
	GlobalSection(ExtensibilityGlobals) = postSolution
	EndGlobalSection
	GlobalSection(ExtensibilityAddIns) = postSolution
	EndGlobalSection
EndGlobal
